
Microsoft Visual Studio Solution File, Format Version 12.00
# Visual Studio Version 17
VisualStudioVersion = 17.8.34525.116
MinimumVisualStudioVersion = 10.0.40219.1
Project("{FAE04EC0-301F-11D3-BF4B-00C04F79EFBC}") = "m2-u1-w3-d3", "m2-u1-w3-d3\m2-u1-w3-d3.csproj", "{AD3ECE59-54FF-4DCB-BAC3-10857320E31C}"
EndProject
Global
	GlobalSection(SolutionConfigurationPlatforms) = preSolution
		Debug|Any CPU = Debug|Any CPU
		Release|Any CPU = Release|Any CPU
	EndGlobalSection
	GlobalSection(ProjectConfigurationPlatforms) = postSolution
		{AD3ECE59-54FF-4DCB-BAC3-10857320E31C}.Debug|Any CPU.ActiveCfg = Debug|Any CPU
		{AD3ECE59-54FF-4DCB-BAC3-10857320E31C}.Debug|Any CPU.Build.0 = Debug|Any CPU
		{AD3ECE59-54FF-4DCB-BAC3-10857320E31C}.Release|Any CPU.ActiveCfg = Release|Any CPU
		{AD3ECE59-54FF-4DCB-BAC3-10857320E31C}.Release|Any CPU.Build.0 = Release|Any CPU
	EndGlobalSection
	GlobalSection(SolutionProperties) = preSolution
		HideSolutionNode = FALSE
	EndGlobalSection
	GlobalSection(ExtensibilityGlobals) = postSolution
		SolutionGuid = {6B6D965B-862A-48A8-8204-D89353580E6F}
	EndGlobalSection
EndGlobal
